
Microsoft Visual Studio Solution File, Format Version 12.00
# Visual Studio 15
VisualStudioVersion = 15.0.28307.539
MinimumVisualStudioVersion = 10.0.40219.1
Project("{FAE04EC0-301F-11D3-BF4B-00C04F79EFBC}") = "SchedulerWeb", "SchedulerWeb\SchedulerWeb.csproj", "{CA2043CB-2D1F-4F2A-8E5F-71667B812D7C}"
EndProject
Global
	GlobalSection(SolutionConfigurationPlatforms) = preSolution
		Debug|Any CPU = Debug|Any CPU
		Release|Any CPU = Release|Any CPU
	EndGlobalSection
	GlobalSection(ProjectConfigurationPlatforms) = postSolution
		{CA2043CB-2D1F-4F2A-8E5F-71667B812D7C}.Debug|Any CPU.ActiveCfg = Debug|Any CPU
		{CA2043CB-2D1F-4F2A-8E5F-71667B812D7C}.Debug|Any CPU.Build.0 = Debug|Any CPU
		{CA2043CB-2D1F-4F2A-8E5F-71667B812D7C}.Release|Any CPU.ActiveCfg = Release|Any CPU
		{CA2043CB-2D1F-4F2A-8E5F-71667B812D7C}.Release|Any CPU.Build.0 = Release|Any CPU
	EndGlobalSection
	GlobalSection(SolutionProperties) = preSolution
		HideSolutionNode = FALSE
	EndGlobalSection
	GlobalSection(ExtensibilityGlobals) = postSolution
		SolutionGuid = {6F3BBE75-DA03-4E16-9E44-91F1E871C51A}
	EndGlobalSection
EndGlobal
